
Microsoft Visual Studio Solution File, Format Version 12.00
# Visual Studio 15
VisualStudioVersion = 15.0.27004.2009
MinimumVisualStudioVersion = 10.0.40219.1
Project("{FAE04EC0-301F-11D3-BF4B-00C04F79EFBC}") = "01_SquareRoot", "01_SquareRoot\01_SquareRoot.csproj", "{18ECA713-1991-4601-8A65-72DECD9EB1A8}"
EndProject
Project("{FAE04EC0-301F-11D3-BF4B-00C04F79EFBC}") = "02_EnterNumbers", "02_EnterNumbers\02_EnterNumbers.csproj", "{D83F741B-09AA-4CB7-8A61-5CC75D28A55D}"
EndProject
Global
	GlobalSection(SolutionConfigurationPlatforms) = preSolution
		Debug|Any CPU = Debug|Any CPU
		Release|Any CPU = Release|Any CPU
	EndGlobalSection
	GlobalSection(ProjectConfigurationPlatforms) = postSolution
		{18ECA713-1991-4601-8A65-72DECD9EB1A8}.Debug|Any CPU.ActiveCfg = Debug|Any CPU
		{18ECA713-1991-4601-8A65-72DECD9EB1A8}.Debug|Any CPU.Build.0 = Debug|Any CPU
		{18ECA713-1991-4601-8A65-72DECD9EB1A8}.Release|Any CPU.ActiveCfg = Release|Any CPU
		{18ECA713-1991-4601-8A65-72DECD9EB1A8}.Release|Any CPU.Build.0 = Release|Any CPU
		{D83F741B-09AA-4CB7-8A61-5CC75D28A55D}.Debug|Any CPU.ActiveCfg = Debug|Any CPU
		{D83F741B-09AA-4CB7-8A61-5CC75D28A55D}.Debug|Any CPU.Build.0 = Debug|Any CPU
		{D83F741B-09AA-4CB7-8A61-5CC75D28A55D}.Release|Any CPU.ActiveCfg = Release|Any CPU
		{D83F741B-09AA-4CB7-8A61-5CC75D28A55D}.Release|Any CPU.Build.0 = Release|Any CPU
	EndGlobalSection
	GlobalSection(SolutionProperties) = preSolution
		HideSolutionNode = FALSE
	EndGlobalSection
	GlobalSection(ExtensibilityGlobals) = postSolution
		SolutionGuid = {9687CED5-A10D-4F3C-B10F-D6B165A93875}
	EndGlobalSection
EndGlobal
